{
  "requires": true,
  "lockfileVersion": 1,
  "dependencies": {
    "typed.js": {
      "version": "2.0.12",
      "resolved": "https://registry.npmjs.org/typed.js/-/typed.js-2.0.12.tgz",
      "integrity": "sha512-lyACZh1cu+vpfYY3DG/bvsGLXXbdoDDpWxmqta10IQUdMXisMXOEyl+jos+YT9uBbzK4QaKYBjT3R0kTJO0Slw=="
    },
    "vanilla-tilt": {
      "version": "1.7.1",
      "resolved": "https://registry.npmjs.org/vanilla-tilt/-/vanilla-tilt-1.7.1.tgz",
      "integrity": "sha512-S3qZcTqMEVthgdnxhOW1BDcXJ0kCzrhF/zQYPTwtRMeETn9DW3BEvQrfAMsMN02mi3TMytWR+ODuNrcfO7OGWw=="
    }
  }
}
